
Microsoft Visual Studio Solution File, Format Version 12.00
# Visual Studio 15
VisualStudioVersion = 15.0.27130.2024
MinimumVisualStudioVersion = 10.0.40219.1
Project("{FAE04EC0-301F-11D3-BF4B-00C04F79EFBC}") = "CustomAuth-Api", "CustomAuth-Api\CustomAuth-Api.csproj", "{97C85A3A-78D6-4ED3-AE5D-3FD16BBA3465}"
EndProject
Global
	GlobalSection(SolutionConfigurationPlatforms) = preSolution
		Debug|Any CPU = Debug|Any CPU
		Release|Any CPU = Release|Any CPU
	EndGlobalSection
	GlobalSection(ProjectConfigurationPlatforms) = postSolution
		{97C85A3A-78D6-4ED3-AE5D-3FD16BBA3465}.Debug|Any CPU.ActiveCfg = Debug|Any CPU
		{97C85A3A-78D6-4ED3-AE5D-3FD16BBA3465}.Debug|Any CPU.Build.0 = Debug|Any CPU
		{97C85A3A-78D6-4ED3-AE5D-3FD16BBA3465}.Release|Any CPU.ActiveCfg = Release|Any CPU
		{97C85A3A-78D6-4ED3-AE5D-3FD16BBA3465}.Release|Any CPU.Build.0 = Release|Any CPU
	EndGlobalSection
	GlobalSection(SolutionProperties) = preSolution
		HideSolutionNode = FALSE
	EndGlobalSection
	GlobalSection(ExtensibilityGlobals) = postSolution
		SolutionGuid = {8B303CE6-A049-43AD-9D5E-A527CD01D333}
	EndGlobalSection
EndGlobal
